
Microsoft Visual Studio Solution File, Format Version 12.00
# Visual Studio Version 16
VisualStudioVersion = 16.0.32630.194
MinimumVisualStudioVersion = 10.0.40219.1
Project("{9A19103F-16F7-4668-BE54-9A1E7A4F7556}") = "Sqaure", "Sqaure\Sqaure.csproj", "{96FAB225-8B2C-4C74-882B-9458597A41F1}"
EndProject
Project("{9A19103F-16F7-4668-BE54-9A1E7A4F7556}") = "SquareIntegration", "SqaurуIntegration\SquareIntegration.csproj", "{022102F4-47D0-46AC-8957-B3F81DBE67F0}"
EndProject
Global
	GlobalSection(SolutionConfigurationPlatforms) = preSolution
		Debug|Any CPU = Debug|Any CPU
		Release|Any CPU = Release|Any CPU
	EndGlobalSection
	GlobalSection(ProjectConfigurationPlatforms) = postSolution
		{96FAB225-8B2C-4C74-882B-9458597A41F1}.Debug|Any CPU.ActiveCfg = Debug|Any CPU
		{96FAB225-8B2C-4C74-882B-9458597A41F1}.Debug|Any CPU.Build.0 = Debug|Any CPU
		{96FAB225-8B2C-4C74-882B-9458597A41F1}.Release|Any CPU.ActiveCfg = Release|Any CPU
		{96FAB225-8B2C-4C74-882B-9458597A41F1}.Release|Any CPU.Build.0 = Release|Any CPU
		{022102F4-47D0-46AC-8957-B3F81DBE67F0}.Debug|Any CPU.ActiveCfg = Debug|Any CPU
		{022102F4-47D0-46AC-8957-B3F81DBE67F0}.Debug|Any CPU.Build.0 = Debug|Any CPU
		{022102F4-47D0-46AC-8957-B3F81DBE67F0}.Release|Any CPU.ActiveCfg = Release|Any CPU
		{022102F4-47D0-46AC-8957-B3F81DBE67F0}.Release|Any CPU.Build.0 = Release|Any CPU
	EndGlobalSection
	GlobalSection(SolutionProperties) = preSolution
		HideSolutionNode = FALSE
	EndGlobalSection
	GlobalSection(ExtensibilityGlobals) = postSolution
		SolutionGuid = {C0191C61-72E7-4E55-A737-C2B028589334}
	EndGlobalSection
EndGlobal
